
Microsoft Visual Studio Solution File, Format Version 12.00
# Visual Studio Version 17
VisualStudioVersion = 17.14.37012.4
MinimumVisualStudioVersion = 10.0.40219.1
Project("{FAE04EC0-301F-11D3-BF4B-00C04F79EFBC}") = "Portal_TENP", "Portal_TENP\Portal_TENP.csproj", "{BDA293BE-7821-41BD-9FDD-FDC0B6D5D88E}"
EndProject
Global
	GlobalSection(SolutionConfigurationPlatforms) = preSolution
		Debug|Any CPU = Debug|Any CPU
		Release|Any CPU = Release|Any CPU
	EndGlobalSection
	GlobalSection(ProjectConfigurationPlatforms) = postSolution
		{BDA293BE-7821-41BD-9FDD-FDC0B6D5D88E}.Debug|Any CPU.ActiveCfg = Debug|Any CPU
		{BDA293BE-7821-41BD-9FDD-FDC0B6D5D88E}.Debug|Any CPU.Build.0 = Debug|Any CPU
		{BDA293BE-7821-41BD-9FDD-FDC0B6D5D88E}.Release|Any CPU.ActiveCfg = Release|Any CPU
		{BDA293BE-7821-41BD-9FDD-FDC0B6D5D88E}.Release|Any CPU.Build.0 = Release|Any CPU
	EndGlobalSection
	GlobalSection(SolutionProperties) = preSolution
		HideSolutionNode = FALSE
	EndGlobalSection
	GlobalSection(ExtensibilityGlobals) = postSolution
		SolutionGuid = {32963AA0-367A-4AD2-AE3F-F7DB78F206D1}
	EndGlobalSection
EndGlobal
